
Microsoft Visual Studio Solution File, Format Version 12.00
# Visual Studio Version 17
VisualStudioVersion = 17.9.34607.119
MinimumVisualStudioVersion = 10.0.40219.1
Project("{FAE04EC0-301F-11D3-BF4B-00C04F79EFBC}") = "MiProyecto#1", "MiProyecto#1\MiProyecto#1.csproj", "{597EF23A-3B4A-4301-93FB-21BB857045D4}"
EndProject
Global
	GlobalSection(SolutionConfigurationPlatforms) = preSolution
		Debug|Any CPU = Debug|Any CPU
		Release|Any CPU = Release|Any CPU
	EndGlobalSection
	GlobalSection(ProjectConfigurationPlatforms) = postSolution
		{597EF23A-3B4A-4301-93FB-21BB857045D4}.Debug|Any CPU.ActiveCfg = Debug|Any CPU
		{597EF23A-3B4A-4301-93FB-21BB857045D4}.Debug|Any CPU.Build.0 = Debug|Any CPU
		{597EF23A-3B4A-4301-93FB-21BB857045D4}.Release|Any CPU.ActiveCfg = Release|Any CPU
		{597EF23A-3B4A-4301-93FB-21BB857045D4}.Release|Any CPU.Build.0 = Release|Any CPU
	EndGlobalSection
	GlobalSection(SolutionProperties) = preSolution
		HideSolutionNode = FALSE
	EndGlobalSection
	GlobalSection(ExtensibilityGlobals) = postSolution
		SolutionGuid = {2D0C46F0-7745-42B1-9CBA-F52D7CB14C41}
	EndGlobalSection
EndGlobal
